// !$*UTF8*$!
{
	archiveVersion = 1;
	classes = {
	};
	objectVersion = 50;
	objects = {

/* Begin PBXBuildFile section */
		20362E76258B8AB3009E7892 /* AppDelegate.swift in Sources */ = {isa = PBXBuildFile; fileRef = 20362E75258B8AB3009E7892 /* AppDelegate.swift */; };
		20362E78258B8AB3009E7892 /* ContentView.swift in Sources */ = {isa = PBXBuildFile; fileRef = 20362E77258B8AB3009E7892 /* ContentView.swift */; };
		20362E7C258B8AB5009E7892 /* Assets.xcassets in Resources */ = {isa = PBXBuildFile; fileRef = 20362E7B258B8AB5009E7892 /* Assets.xcassets */; };
		20362E7F258B8AB5009E7892 /* Preview Assets.xcassets in Resources */ = {isa = PBXBuildFile; fileRef = 20362E7E258B8AB5009E7892 /* Preview Assets.xcassets */; };
		20362E8A258B8AB5009E7892 /* localMerterialTests.swift in Sources */ = {isa = PBXBuildFile; fileRef = 20362E89258B8AB5009E7892 /* localMerterialTests.swift */; };
		20362E95258B8AB5009E7892 /* localMerterialUITests.swift in Sources */ = {isa = PBXBuildFile; fileRef = 20362E94258B8AB5009E7892 /* localMerterialUITests.swift */; };
/* End PBXBuildFile section */

/* Begin PBXContainerItemProxy section */
		20362E86258B8AB5009E7892 /* PBXContainerItemProxy */ = {
			isa = PBXContainerItemProxy;
			containerPortal = 20362E6A258B8AB3009E7892 /* Project object */;
			proxyType = 1;
			remoteGlobalIDString = 20362E71258B8AB3009E7892;
			remoteInfo = localMerterial;
		};
		20362E91258B8AB5009E7892 /* PBXContainerItemProxy */ = {
			isa = PBXContainerItemProxy;
			containerPortal = 20362E6A258B8AB3009E7892 /* Project object */;
			proxyType = 1;
			remoteGlobalIDString = 20362E71258B8AB3009E7892;
			remoteInfo = localMerterial;
		};
/* End PBXContainerItemProxy section */

/* Begin PBXFileReference section */
		20362E72258B8AB3009E7892 /* localMerterial.app */ = {isa = PBXFileReference; explicitFileType = wrapper.application; includeInIndex = 0; path = localMerterial.app; sourceTree = BUILT_PRODUCTS_DIR; };
		20362E75258B8AB3009E7892 /* AppDelegate.swift */ = {isa = PBXFileReference; lastKnownFileType = sourcecode.swift; path = AppDelegate.swift; sourceTree = "<group>"; };
		20362E77258B8AB3009E7892 /* ContentView.swift */ = {isa = PBXFileReference; lastKnownFileType = sourcecode.swift; path = ContentView.swift; sourceTree = "<group>"; };
		20362E7B258B8AB5009E7892 /* Assets.xcassets */ = {isa = PBXFileReference; lastKnownFileType = folder.assetcatalog; path = Assets.xcassets; sourceTree = "<group>"; };
		20362E7E258B8AB5009E7892 /* Preview Assets.xcassets */ = {isa = PBXFileReference; lastKnownFileType = folder.assetcatalog; path = "Preview Assets.xcassets"; sourceTree = "<group>"; };
		20362E80258B8AB5009E7892 /* Info.plist */ = {isa = PBXFileReference; lastKnownFileType = text.plist.xml; path = Info.plist; sourceTree = "<group>"; };
		20362E85258B8AB5009E7892 /* localMerterialTests.xctest */ = {isa = PBXFileReference; explicitFileType = wrapper.cfbundle; includeInIndex = 0; path = localMerterialTests.xctest; sourceTree = BUILT_PRODUCTS_DIR; };
		20362E89258B8AB5009E7892 /* localMerterialTests.swift */ = {isa = PBXFileReference; lastKnownFileType = sourcecode.swift; path = localMerterialTests.swift; sourceTree = "<group>"; };
		20362E8B258B8AB5009E7892 /* Info.plist */ = {isa = PBXFileReference; lastKnownFileType = text.plist.xml; path = Info.plist; sourceTree = "<group>"; };
		20362E90258B8AB5009E7892 /* localMerterialUITests.xctest */ = {isa = PBXFileReference; explicitFileType = wrapper.cfbundle; includeInIndex = 0; path = localMerterialUITests.xctest; sourceTree = BUILT_PRODUCTS_DIR; };
		20362E94258B8AB5009E7892 /* localMerterialUITests.swift */ = {isa = PBXFileReference; lastKnownFileType = sourcecode.swift; path = localMerterialUITests.swift; sourceTree = "<group>"; };
		20362E96258B8AB5009E7892 /* Info.plist */ = {isa = PBXFileReference; lastKnownFileType = text.plist.xml; path = Info.plist; sourceTree = "<group>"; };
/* End PBXFileReference section */

/* Begin PBXFrameworksBuildPhase section */
		20362E6F258B8AB3009E7892 /* Frameworks */ = {
			isa = PBXFrameworksBuildPhase;
			buildActionMask = 2147483647;
			files = (
			);
			runOnlyForDeploymentPostprocessing = 0;
		};
		20362E82258B8AB5009E7892 /* Frameworks */ = {
			isa = PBXFrameworksBuildPhase;
			buildActionMask = 2147483647;
			files = (
			);
			runOnlyForDeploymentPostprocessing = 0;
		};
		20362E8D258B8AB5009E7892 /* Frameworks */ = {
			isa = PBXFrameworksBuildPhase;
			buildActionMask = 2147483647;
			files = (
			);
			runOnlyForDeploymentPostprocessing = 0;
		};
/* End PBXFrameworksBuildPhase section */

/* Begin PBXGroup section */
		20362E69258B8AB3009E7892 = {
			isa = PBXGroup;
			children = (
				20362E74258B8AB3009E7892 /* localMerterial */,
				20362E88258B8AB5009E7892 /* localMerterialTests */,
				20362E93258B8AB5009E7892 /* localMerterialUITests */,
				20362E73258B8AB3009E7892 /* Products */,
			);
			sourceTree = "<group>";
		};
		20362E73258B8AB3009E7892 /* Products */ = {
			isa = PBXGroup;
			children = (
				20362E72258B8AB3009E7892 /* localMerterial.app */,
				20362E85258B8AB5009E7892 /* localMerterialTests.xctest */,
				20362E90258B8AB5009E7892 /* localMerterialUITests.xctest */,
			);
			name = Products;
			sourceTree = "<group>";
		};
		20362E74258B8AB3009E7892 /* localMerterial */ = {
			isa = PBXGroup;
			children = (
				20362E75258B8AB3009E7892 /* AppDelegate.swift */,
				20362E77258B8AB3009E7892 /* ContentView.swift */,
				20362E7B258B8AB5009E7892 /* Assets.xcassets */,
				20362E80258B8AB5009E7892 /* Info.plist */,
				20362E7D258B8AB5009E7892 /* Preview Content */,
			);
			path = localMerterial;
			sourceTree = "<group>";
		};
		20362E7D258B8AB5009E7892 /* Preview Content */ = {
			isa = PBXGroup;
			children = (
				20362E7E258B8AB5009E7892 /* Preview Assets.xcassets */,
			);
			path = "Preview Content";
			sourceTree = "<group>";
		};
		20362E88258B8AB5009E7892 /* localMerterialTests */ = {
			isa = PBXGroup;
			children = (
				20362E89258B8AB5009E7892 /* localMerterialTests.swift */,
				20362E8B258B8AB5009E7892 /* Info.plist */,
			);
			path = localMerterialTests;
			sourceTree = "<group>";
		};
		20362E93258B8AB5009E7892 /* localMerterialUITests */ = {
			isa = PBXGroup;
			children = (
				20362E94258B8AB5009E7892 /* localMerterialUITests.swift */,
				20362E96258B8AB5009E7892 /* Info.plist */,
			);
			path = localMerterialUITests;
			sourceTree = "<group>";
		};
/* End PBXGroup section */

/* Begin PBXNativeTarget section */
		20362E71258B8AB3009E7892 /* localMerterial */ = {
			isa = PBXNativeTarget;
			buildConfigurationList = 20362E99258B8AB5009E7892 /* Build configuration list for PBXNativeTarget "localMerterial" */;
			buildPhases = (
				20362E6E258B8AB3009E7892 /* Sources */,
				20362E6F258B8AB3009E7892 /* Frameworks */,
				20362E70258B8AB3009E7892 /* Resources */,
			);
			buildRules = (
			);
			dependencies = (
			);
			name = localMerterial;
			productName = localMerterial;
			productReference = 20362E72258B8AB3009E7892 /* localMerterial.app */;
			productType = "com.apple.product-type.application";
		};
		20362E84258B8AB5009E7892 /* localMerterialTests */ = {
			isa = PBXNativeTarget;
			buildConfigurationList = 20362E9C258B8AB5009E7892 /* Build configuration list for PBXNativeTarget "localMerterialTests" */;
			buildPhases = (
				20362E81258B8AB5009E7892 /* Sources */,
				20362E82258B8AB5009E7892 /* Frameworks */,
				20362E83258B8AB5009E7892 /* Resources */,
			);
			buildRules = (
			);
			dependencies = (
				20362E87258B8AB5009E7892 /* PBXTargetDependency */,
			);
			name = localMerterialTests;
			productName = localMerterialTests;
			productReference = 20362E85258B8AB5009E7892 /* localMerterialTests.xctest */;
			productType = "com.apple.product-type.bundle.unit-test";
		};
		20362E8F258B8AB5009E7892 /* localMerterialUITests */ = {
			isa = PBXNativeTarget;
			buildConfigurationList = 20362E9F258B8AB5009E7892 /* Build configuration list for PBXNativeTarget "localMerterialUITests" */;
			buildPhases = (
				20362E8C258B8AB5009E7892 /* Sources */,
				20362E8D258B8AB5009E7892 /* Frameworks */,
				20362E8E258B8AB5009E7892 /* Resources */,
			);
			buildRules = (
			);
			dependencies = (
				20362E92258B8AB5009E7892 /* PBXTargetDependency */,
			);
			name = localMerterialUITests;
			productName = localMerterialUITests;
			productReference = 20362E90258B8AB5009E7892 /* localMerterialUITests.xctest */;
			productType = "com.apple.product-type.bundle.ui-testing";
		};
/* End PBXNativeTarget section */

/* Begin PBXProject section */
		20362E6A258B8AB3009E7892 /* Project object */ = {
			isa = PBXProject;
			attributes = {
				LastSwiftUpdateCheck = 1230;
				LastUpgradeCheck = 1230;
				TargetAttributes = {
					20362E71258B8AB3009E7892 = {
						CreatedOnToolsVersion = 12.3;
					};
					20362E84258B8AB5009E7892 = {
						CreatedOnToolsVersion = 12.3;
						TestTargetID = 20362E71258B8AB3009E7892;
					};
					20362E8F258B8AB5009E7892 = {
						CreatedOnToolsVersion = 12.3;
						TestTargetID = 20362E71258B8AB3009E7892;
					};
				};
			};
			buildConfigurationList = 20362E6D258B8AB3009E7892 /* Build configuration list for PBXProject "localMerterial" */;
			compatibilityVersion = "Xcode 9.3";
			developmentRegion = en;
			hasScannedForEncodings = 0;
			knownRegions = (
				en,
				Base,
			);
			mainGroup = 20362E69258B8AB3009E7892;
			productRefGroup = 20362E73258B8AB3009E7892 /* Products */;
			projectDirPath = "";
			projectRoot = "";
			targets = (
				20362E71258B8AB3009E7892 /* localMerterial */,
				20362E84258B8AB5009E7892 /* localMerterialTests */,
				20362E8F258B8AB5009E7892 /* localMerterialUITests */,
			);
		};
/* End PBXProject section */

/* Begin PBXResourcesBuildPhase section */
		20362E70258B8AB3009E7892 /* Resources */ = {
			isa = PBXResourcesBuildPhase;
			buildActionMask = 2147483647;
			files = (
				20362E7F258B8AB5009E7892 /* Preview Assets.xcassets in Resources */,
				20362E7C258B8AB5009E7892 /* Assets.xcassets in Resources */,
			);
			runOnlyForDeploymentPostprocessing = 0;
		};
		20362E83258B8AB5009E7892 /* Resources */ = {
			isa = PBXResourcesBuildPhase;
			buildActionMask = 2147483647;
			files = (
			);
			runOnlyForDeploymentPostprocessing = 0;
		};
		20362E8E258B8AB5009E7892 /* Resources */ = {
			isa = PBXResourcesBuildPhase;
			buildActionMask = 2147483647;
			files = (
			);
			runOnlyForDeploymentPostprocessing = 0;
		};
/* End PBXResourcesBuildPhase section */

/* Begin PBXSourcesBuildPhase section */
		20362E6E258B8AB3009E7892 /* Sources */ = {
			isa = PBXSourcesBuildPhase;
			buildActionMask = 2147483647;
			files = (
				20362E78258B8AB3009E7892 /* ContentView.swift in Sources */,
				20362E76258B8AB3009E7892 /* AppDelegate.swift in Sources */,
			);
			runOnlyForDeploymentPostprocessing = 0;
		};
		20362E81258B8AB5009E7892 /* Sources */ = {
			isa = PBXSourcesBuildPhase;
			buildActionMask = 2147483647;
			files = (
				20362E8A258B8AB5009E7892 /* localMerterialTests.swift in Sources */,
			);
			runOnlyForDeploymentPostprocessing = 0;
		};
		20362E8C258B8AB5009E7892 /* Sources */ = {
			isa = PBXSourcesBuildPhase;
			buildActionMask = 2147483647;
			files = (
				20362E95258B8AB5009E7892 /* localMerterialUITests.swift in Sources */,
			);
			runOnlyForDeploymentPostprocessing = 0;
		};
/* End PBXSourcesBuildPhase section */

/* Begin PBXTargetDependency section */
		20362E87258B8AB5009E7892 /* PBXTargetDependency */ = {
			isa = PBXTargetDependency;
			target = 20362E71258B8AB3009E7892 /* localMerterial */;
			targetProxy = 20362E86258B8AB5009E7892 /* PBXContainerItemProxy */;
		};
		20362E92258B8AB5009E7892 /* PBXTargetDependency */ = {
			isa = PBXTargetDependency;
			target = 20362E71258B8AB3009E7892 /* localMerterial */;
			targetProxy = 20362E91258B8AB5009E7892 /* PBXContainerItemProxy */;
		};
/* End PBXTargetDependency section */

/* Begin XCBuildConfiguration section */
		20362E97258B8AB5009E7892 /* Debug */ = {
			isa = XCBuildConfiguration;
			buildSettings = {
				ALWAYS_SEARCH_USER_PATHS = NO;
				CLANG_ANALYZER_NONNULL = YES;
				CLANG_ANALYZER_NUMBER_OBJECT_CONVERSION = YES_AGGRESSIVE;
				CLANG_CXX_LANGUAGE_STANDARD = "gnu++14";
				CLANG_CXX_LIBRARY = "libc++";
				CLANG_ENABLE_MODULES = YES;
				CLANG_ENABLE_OBJC_ARC = YES;
				CLANG_ENABLE_OBJC_WEAK = YES;
				CLANG_WARN_BLOCK_CAPTURE_AUTORELEASING = YES;
				CLANG_WARN_BOOL_CONVERSION = YES;
				CLANG_WARN_COMMA = YES;
				CLANG_WARN_CONSTANT_CONVERSION = YES;
				CLANG_WARN_DEPRECATED_OBJC_IMPLEMENTATIONS = YES;
				CLANG_WARN_DIRECT_OBJC_ISA_USAGE = YES_ERROR;
				CLANG_WARN_DOCUMENTATION_COMMENTS = YES;
				CLANG_WARN_EMPTY_BODY = YES;
				CLANG_WARN_ENUM_CONVERSION = YES;
				CLANG_WARN_INFINITE_RECURSION = YES;
				CLANG_WARN_INT_CONVERSION = YES;
				CLANG_WARN_NON_LITERAL_NULL_CONVERSION = YES;
				CLANG_WARN_OBJC_IMPLICIT_RETAIN_SELF = YES;
				CLANG_WARN_OBJC_LITERAL_CONVERSION = YES;
				CLANG_WARN_OBJC_ROOT_CLASS = YES_ERROR;
				CLANG_WARN_QUOTED_INCLUDE_IN_FRAMEWORK_HEADER = YES;
				CLANG_WARN_RANGE_LOOP_ANALYSIS = YES;
				CLANG_WARN_STRICT_PROTOTYPES = YES;
				CLANG_WARN_SUSPICIOUS_MOVE = YES;
				CLANG_WARN_UNGUARDED_AVAILABILITY = YES_AGGRESSIVE;
				CLANG_WARN_UNREACHABLE_CODE = YES;
				CLANG_WARN__DUPLICATE_METHOD_MATCH = YES;
				COPY_PHASE_STRIP = NO;
				DEBUG_INFORMATION_FORMAT = dwarf;
				ENABLE_STRICT_OBJC_MSGSEND = YES;
				ENABLE_TESTABILITY = YES;
				GCC_C_LANGUAGE_STANDARD = gnu11;
				GCC_DYNAMIC_NO_PIC = NO;
				GCC_NO_COMMON_BLOCKS = YES;
				GCC_OPTIMIZATION_LEVEL = 0;
				GCC_PREPROCESSOR_DEFINITIONS = (
					"DEBUG=1",
					"$(inherited)",
				);
				GCC_WARN_64_TO_32_BIT_CONVERSION = YES;
				GCC_WARN_ABOUT_RETURN_TYPE = YES_ERROR;
				GCC_WARN_UNDECLARED_SELECTOR = YES;
				GCC_WARN_UNINITIALIZED_AUTOS = YES_AGGRESSIVE;
				GCC_WARN_UNUSED_FUNCTION = YES;
				GCC_WARN_UNUSED_VARIABLE = YES;
				IPHONEOS_DEPLOYMENT_TARGET = 14.3;
				MTL_ENABLE_DEBUG_INFO = INCLUDE_SOURCE;
				MTL_FAST_MATH = YES;
				ONLY_ACTIVE_ARCH = YES;
				SDKROOT = iphoneos;
				SWIFT_ACTIVE_COMPILATION_CONDITIONS = DEBUG;
				SWIFT_OPTIMIZATION_LEVEL = "-Onone";
			};
			name = Debug;
		};
		20362E98258B8AB5009E7892 /* Release */ = {
			isa = XCBuildConfiguration;
			buildSettings = {
				ALWAYS_SEARCH_USER_PATHS = NO;
				CLANG_ANALYZER_NONNULL = YES;
				CLANG_ANALYZER_NUMBER_OBJECT_CONVERSION = YES_AGGRESSIVE;
				CLANG_CXX_LANGUAGE_STANDARD = "gnu++14";
				CLANG_CXX_LIBRARY = "libc++";
				CLANG_ENABLE_MODULES = YES;
				CLANG_ENABLE_OBJC_ARC = YES;
				CLANG_ENABLE_OBJC_WEAK = YES;
				CLANG_WARN_BLOCK_CAPTURE_AUTORELEASING = YES;
				CLANG_WARN_BOOL_CONVERSION = YES;
				CLANG_WARN_COMMA = YES;
				CLANG_WARN_CONSTANT_CONVERSION = YES;
				CLANG_WARN_DEPRECATED_OBJC_IMPLEMENTATIONS = YES;
				CLANG_WARN_DIRECT_OBJC_ISA_USAGE = YES_ERROR;
				CLANG_WARN_DOCUMENTATION_COMMENTS = YES;
				CLANG_WARN_EMPTY_BODY = YES;
				CLANG_WARN_ENUM_CONVERSION = YES;
				CLANG_WARN_INFINITE_RECURSION = YES;
				CLANG_WARN_INT_CONVERSION = YES;
				CLANG_WARN_NON_LITERAL_NULL_CONVERSION = YES;
				CLANG_WARN_OBJC_IMPLICIT_RETAIN_SELF = YES;
				CLANG_WARN_OBJC_LITERAL_CONVERSION = YES;
				CLANG_WARN_OBJC_ROOT_CLASS = YES_ERROR;
				CLANG_WARN_QUOTED_INCLUDE_IN_FRAMEWORK_HEADER = YES;
				CLANG_WARN_RANGE_LOOP_ANALYSIS = YES;
				CLANG_WARN_STRICT_PROTOTYPES = YES;
				CLANG_WARN_SUSPICIOUS_MOVE = YES;
				CLANG_WARN_UNGUARDED_AVAILABILITY = YES_AGGRESSIVE;
				CLANG_WARN_UNREACHABLE_CODE = YES;
				CLANG_WARN__DUPLICATE_METHOD_MATCH = YES;
				COPY_PHASE_STRIP = NO;
				DEBUG_INFORMATION_FORMAT = "dwarf-with-dsym";
				ENABLE_NS_ASSERTIONS = NO;
				ENABLE_STRICT_OBJC_MSGSEND = YES;
				GCC_C_LANGUAGE_STANDARD = gnu11;
				GCC_NO_COMMON_BLOCKS = YES;
				GCC_WARN_64_TO_32_BIT_CONVERSION = YES;
				GCC_WARN_ABOUT_RETURN_TYPE = YES_ERROR;
				GCC_WARN_UNDECLARED_SELECTOR = YES;
				GCC_WARN_UNINITIALIZED_AUTOS = YES_AGGRESSIVE;
				GCC_WARN_UNUSED_FUNCTION = YES;
				GCC_WARN_UNUSED_VARIABLE = YES;
				IPHONEOS_DEPLOYMENT_TARGET = 14.3;
				MTL_ENABLE_DEBUG_INFO = NO;
				MTL_FAST_MATH = YES;
				SDKROOT = iphoneos;
				SWIFT_COMPILATION_MODE = wholemodule;
				SWIFT_OPTIMIZATION_LEVEL = "-O";
				VALIDATE_PRODUCT = YES;
			};
			name = Release;
		};
		20362E9A258B8AB5009E7892 /* Debug */ = {
			isa = XCBuildConfiguration;
			buildSettings = {
				ASSETCATALOG_COMPILER_APPICON_NAME = AppIcon;
				ASSETCATALOG_COMPILER_GLOBAL_ACCENT_COLOR_NAME = AccentColor;
				CODE_SIGN_STYLE = Automatic;
				DEVELOPMENT_ASSET_PATHS = "\"localMerterial/Preview Content\"";
				DEVELOPMENT_TEAM = 746Q4N5235;
				ENABLE_PREVIEWS = YES;
				INFOPLIST_FILE = localMerterial/Info.plist;
				LD_RUNPATH_SEARCH_PATHS = (
					"$(inherited)",
					"@executable_path/Frameworks",
				);
				PRODUCT_BUNDLE_IDENTIFIER = xiapazi.localMerterial;
				PRODUCT_NAME = "$(TARGET_NAME)";
				SWIFT_VERSION = 5.0;
				TARGETED_DEVICE_FAMILY = "1,2";
			};
			name = Debug;
		};
		20362E9B258B8AB5009E7892 /* Release */ = {
			isa = XCBuildConfiguration;
			buildSettings = {
				ASSETCATALOG_COMPILER_APPICON_NAME = AppIcon;
				ASSETCATALOG_COMPILER_GLOBAL_ACCENT_COLOR_NAME = AccentColor;
				CODE_SIGN_STYLE = Automatic;
				DEVELOPMENT_ASSET_PATHS = "\"localMerterial/Preview Content\"";
				DEVELOPMENT_TEAM = 746Q4N5235;
				ENABLE_PREVIEWS = YES;
				INFOPLIST_FILE = localMerterial/Info.plist;
				LD_RUNPATH_SEARCH_PATHS = (
					"$(inherited)",
					"@executable_path/Frameworks",
				);
				PRODUCT_BUNDLE_IDENTIFIER = xiapazi.localMerterial;
				PRODUCT_NAME = "$(TARGET_NAME)";
				SWIFT_VERSION = 5.0;
				TARGETED_DEVICE_FAMILY = "1,2";
			};
			name = Release;
		};
		20362E9D258B8AB5009E7892 /* Debug */ = {
			isa = XCBuildConfiguration;
			buildSettings = {
				ALWAYS_EMBED_SWIFT_STANDARD_LIBRARIES = YES;
				BUNDLE_LOADER = "$(TEST_HOST)";
				CODE_SIGN_STYLE = Automatic;
				DEVELOPMENT_TEAM = 746Q4N5235;
				INFOPLIST_FILE = localMerterialTests/Info.plist;
				IPHONEOS_DEPLOYMENT_TARGET = 14.3;
				LD_RUNPATH_SEARCH_PATHS = (
					"$(inherited)",
					"@executable_path/Frameworks",
					"@loader_path/Frameworks",
				);
				PRODUCT_BUNDLE_IDENTIFIER = xiapazi.localMerterialTests;
				PRODUCT_NAME = "$(TARGET_NAME)";
				SWIFT_VERSION = 5.0;
				TARGETED_DEVICE_FAMILY = "1,2";
				TEST_HOST = "$(BUILT_PRODUCTS_DIR)/localMerterial.app/localMerterial";
			};
			name = Debug;
		};
		20362E9E258B8AB5009E7892 /* Release */ = {
			isa = XCBuildConfiguration;
			buildSettings = {
				ALWAYS_EMBED_SWIFT_STANDARD_LIBRARIES = YES;
				BUNDLE_LOADER = "$(TEST_HOST)";
				CODE_SIGN_STYLE = Automatic;
				DEVELOPMENT_TEAM = 746Q4N5235;
				INFOPLIST_FILE = localMerterialTests/Info.plist;
				IPHONEOS_DEPLOYMENT_TARGET = 14.3;
				LD_RUNPATH_SEARCH_PATHS = (
					"$(inherited)",
					"@executable_path/Frameworks",
					"@loader_path/Frameworks",
				);
				PRODUCT_BUNDLE_IDENTIFIER = xiapazi.localMerterialTests;
				PRODUCT_NAME = "$(TARGET_NAME)";
				SWIFT_VERSION = 5.0;
				TARGETED_DEVICE_FAMILY = "1,2";
				TEST_HOST = "$(BUILT_PRODUCTS_DIR)/localMerterial.app/localMerterial";
			};
			name = Release;
		};
		20362EA0258B8AB5009E7892 /* Debug */ = {
			isa = XCBuildConfiguration;
			buildSettings = {
				ALWAYS_EMBED_SWIFT_STANDARD_LIBRARIES = YES;
				CODE_SIGN_STYLE = Automatic;
				DEVELOPMENT_TEAM = 746Q4N5235;
				INFOPLIST_FILE = localMerterialUITests/Info.plist;
				LD_RUNPATH_SEARCH_PATHS = (
					"$(inherited)",
					"@executable_path/Frameworks",
					"@loader_path/Frameworks",
				);
				PRODUCT_BUNDLE_IDENTIFIER = xiapazi.localMerterialUITests;
				PRODUCT_NAME = "$(TARGET_NAME)";
				SWIFT_VERSION = 5.0;
				TARGETED_DEVICE_FAMILY = "1,2";
				TEST_TARGET_NAME = localMerterial;
			};
			name = Debug;
		};
		20362EA1258B8AB5009E7892 /* Release */ = {
			isa = XCBuildConfiguration;
			buildSettings = {
				ALWAYS_EMBED_SWIFT_STANDARD_LIBRARIES = YES;
				CODE_SIGN_STYLE = Automatic;
				DEVELOPMENT_TEAM = 746Q4N5235;
				INFOPLIST_FILE = localMerterialUITests/Info.plist;
				LD_RUNPATH_SEARCH_PATHS = (
					"$(inherited)",
					"@executable_path/Frameworks",
					"@loader_path/Frameworks",
				);
				PRODUCT_BUNDLE_IDENTIFIER = xiapazi.localMerterialUITests;
				PRODUCT_NAME = "$(TARGET_NAME)";
				SWIFT_VERSION = 5.0;
				TARGETED_DEVICE_FAMILY = "1,2";
				TEST_TARGET_NAME = localMerterial;
			};
			name = Release;
		};
/* End XCBuildConfiguration section */

/* Begin XCConfigurationList section */
		20362E6D258B8AB3009E7892 /* Build configuration list for PBXProject "localMerterial" */ = {
			isa = XCConfigurationList;
			buildConfigurations = (
				20362E97258B8AB5009E7892 /* Debug */,
				20362E98258B8AB5009E7892 /* Release */,
			);
			defaultConfigurationIsVisible = 0;
			defaultConfigurationName = Release;
		};
		20362E99258B8AB5009E7892 /* Build configuration list for PBXNativeTarget "localMerterial" */ = {
			isa = XCConfigurationList;
			buildConfigurations = (
				20362E9A258B8AB5009E7892 /* Debug */,
				20362E9B258B8AB5009E7892 /* Release */,
			);
			defaultConfigurationIsVisible = 0;
			defaultConfigurationName = Release;
		};
		20362E9C258B8AB5009E7892 /* Build configuration list for PBXNativeTarget "localMerterialTests" */ = {
			isa = XCConfigurationList;
			buildConfigurations = (
				20362E9D258B8AB5009E7892 /* Debug */,
				20362E9E258B8AB5009E7892 /* Release */,
			);
			defaultConfigurationIsVisible = 0;
			defaultConfigurationName = Release;
		};
		20362E9F258B8AB5009E7892 /* Build configuration list for PBXNativeTarget "localMerterialUITests" */ = {
			isa = XCConfigurationList;
			buildConfigurations = (
				20362EA0258B8AB5009E7892 /* Debug */,
				20362EA1258B8AB5009E7892 /* Release */,
			);
			defaultConfigurationIsVisible = 0;
			defaultConfigurationName = Release;
		};
/* End XCConfigurationList section */
	};
	rootObject = 20362E6A258B8AB3009E7892 /* Project object */;
}
